Microsoft Visual Studio Solution File, Format Version 11.00
# Visual Studio 2008

Project("{2704C908-170C-45FF-77DB-3DC222E2C4F1}") = "FisrtVR", "Assembly-CSharp.csproj", "{11315C51-105C-01AE-A050-4FFE524D029A}"
EndProject
Global
	GlobalSection(SolutionConfigurationPlatforms) = preSolution
		Debug|Any CPU = Debug|Any CPU
		Release|Any CPU = Release|Any CPU
	EndGlobalSection
	GlobalSection(ProjectConfigurationPlatforms) = postSolution
		{11315C51-105C-01AE-A050-4FFE524D029A}.Debug|Any CPU.ActiveCfg = Debug|Any CPU
		{11315C51-105C-01AE-A050-4FFE524D029A}.Debug|Any CPU.Build.0 = Debug|Any CPU
		{11315C51-105C-01AE-A050-4FFE524D029A}.Release|Any CPU.ActiveCfg = Release|Any CPU
		{11315C51-105C-01AE-A050-4FFE524D029A}.Release|Any CPU.Build.0 = Release|Any CPU
	EndGlobalSection
	GlobalSection(SolutionProperties) = preSolution
		HideSolutionNode = FALSE
	EndGlobalSection
	GlobalSection(MonoDevelopProperties) = preSolution
		StartupItem = Assembly-CSharp.csproj
	EndGlobalSection
EndGlobal
